
Microsoft Visual Studio Solution File, Format Version 12.00
# Visual Studio Version 16
VisualStudioVersion = 16.0.30717.126
MinimumVisualStudioVersion = 10.0.40219.1
Project("{9A19103F-16F7-4668-BE54-9A1E7A4F7556}") = "NewsTask.Web", "NewsTask.Web\NewsTask.Web.csproj", "{55F9E2FA-F33F-44DF-98EA-7C8E1AFA30D0}"
	ProjectSection(ProjectDependencies) = postProject
		{8175E85C-9E7B-4FEE-9916-2BA1475E8976} = {8175E85C-9E7B-4FEE-9916-2BA1475E8976}
	EndProjectSection
EndProject
Project("{9A19103F-16F7-4668-BE54-9A1E7A4F7556}") = "NewsTask.Services", "NewsTask.Services\NewsTask.Services.csproj", "{8175E85C-9E7B-4FEE-9916-2BA1475E8976}"
EndProject
Project("{FAE04EC0-301F-11D3-BF4B-00C04F79EFBC}") = "NewsTask.Data", "NewsTask.Data\NewsTask.Data.csproj", "{BAE92387-19B8-4BF9-A9B1-F8EB3EAB3CC9}"
EndProject
Global
	GlobalSection(SolutionConfigurationPlatforms) = preSolution
		Debug|Any CPU = Debug|Any CPU
		Release|Any CPU = Release|Any CPU
	EndGlobalSection
	GlobalSection(ProjectConfigurationPlatforms) = postSolution
		{55F9E2FA-F33F-44DF-98EA-7C8E1AFA30D0}.Debug|Any CPU.ActiveCfg = Debug|Any CPU
		{55F9E2FA-F33F-44DF-98EA-7C8E1AFA30D0}.Debug|Any CPU.Build.0 = Debug|Any CPU
		{55F9E2FA-F33F-44DF-98EA-7C8E1AFA30D0}.Release|Any CPU.ActiveCfg = Release|Any CPU
		{55F9E2FA-F33F-44DF-98EA-7C8E1AFA30D0}.Release|Any CPU.Build.0 = Release|Any CPU
		{8175E85C-9E7B-4FEE-9916-2BA1475E8976}.Debug|Any CPU.ActiveCfg = Debug|Any CPU
		{8175E85C-9E7B-4FEE-9916-2BA1475E8976}.Debug|Any CPU.Build.0 = Debug|Any CPU
		{8175E85C-9E7B-4FEE-9916-2BA1475E8976}.Release|Any CPU.ActiveCfg = Release|Any CPU
		{8175E85C-9E7B-4FEE-9916-2BA1475E8976}.Release|Any CPU.Build.0 = Release|Any CPU
		{BAE92387-19B8-4BF9-A9B1-F8EB3EAB3CC9}.Debug|Any CPU.ActiveCfg = Debug|Any CPU
		{BAE92387-19B8-4BF9-A9B1-F8EB3EAB3CC9}.Debug|Any CPU.Build.0 = Debug|Any CPU
		{BAE92387-19B8-4BF9-A9B1-F8EB3EAB3CC9}.Release|Any CPU.ActiveCfg = Release|Any CPU
		{BAE92387-19B8-4BF9-A9B1-F8EB3EAB3CC9}.Release|Any CPU.Build.0 = Release|Any CPU
	EndGlobalSection
	GlobalSection(SolutionProperties) = preSolution
		HideSolutionNode = FALSE
	EndGlobalSection
	GlobalSection(ExtensibilityGlobals) = postSolution
		SolutionGuid = {530D85D4-1D00-4174-939F-037547B93565}
	EndGlobalSection
EndGlobal
