
Microsoft Visual Studio Solution File, Format Version 12.00
# Visual Studio Version 16
VisualStudioVersion = 16.0.30717.126
MinimumVisualStudioVersion = 10.0.40219.1
Project("{9A19103F-16F7-4668-BE54-9A1E7A4F7556}") = "NewsTask.Web", "NewsTask.Web\NewsTask.Web.csproj", "{55F9E2FA-F33F-44DF-98EA-7C8E1AFA30D0}"
EndProject
Project("{FAE04EC0-301F-11D3-BF4B-00C04F79EFBC}") = "NewsTask.Services", "NewsTask.Services\NewsTask.Services.csproj", "{2F30EF18-A5F9-4670-8A15-EA926FADBA3F}"
EndProject
Global
	GlobalSection(SolutionConfigurationPlatforms) = preSolution
		Debug|Any CPU = Debug|Any CPU
		Release|Any CPU = Release|Any CPU
	EndGlobalSection
	GlobalSection(ProjectConfigurationPlatforms) = postSolution
		{55F9E2FA-F33F-44DF-98EA-7C8E1AFA30D0}.Debug|Any CPU.ActiveCfg = Debug|Any CPU
		{55F9E2FA-F33F-44DF-98EA-7C8E1AFA30D0}.Debug|Any CPU.Build.0 = Debug|Any CPU
		{55F9E2FA-F33F-44DF-98EA-7C8E1AFA30D0}.Release|Any CPU.ActiveCfg = Release|Any CPU
		{55F9E2FA-F33F-44DF-98EA-7C8E1AFA30D0}.Release|Any CPU.Build.0 = Release|Any CPU
		{2F30EF18-A5F9-4670-8A15-EA926FADBA3F}.Debug|Any CPU.ActiveCfg = Debug|Any CPU
		{2F30EF18-A5F9-4670-8A15-EA926FADBA3F}.Debug|Any CPU.Build.0 = Debug|Any CPU
		{2F30EF18-A5F9-4670-8A15-EA926FADBA3F}.Release|Any CPU.ActiveCfg = Release|Any CPU
		{2F30EF18-A5F9-4670-8A15-EA926FADBA3F}.Release|Any CPU.Build.0 = Release|Any CPU
	EndGlobalSection
	GlobalSection(SolutionProperties) = preSolution
		HideSolutionNode = FALSE
	EndGlobalSection
	GlobalSection(ExtensibilityGlobals) = postSolution
		SolutionGuid = {530D85D4-1D00-4174-939F-037547B93565}
	EndGlobalSection
EndGlobal
